
Microsoft Visual Studio Solution File, Format Version 12.00
# Visual Studio Version 17
VisualStudioVersion = 17.12.35514.174 d17.12
MinimumVisualStudioVersion = 10.0.40219.1
Project("{FAE04EC0-301F-11D3-BF4B-00C04F79EFBC}") = "API", "API.csproj", "{EEF6D9AF-12F7-4DBD-8711-31F2791A624F}"
EndProject
Project("{FAE04EC0-301F-11D3-BF4B-00C04F79EFBC}") = "DAL", "..\DAL\DAL.csproj", "{C7CCED86-F62E-42DD-BCC4-3833DAFDA503}"
EndProject
Project("{FAE04EC0-301F-11D3-BF4B-00C04F79EFBC}") = "BLL", "..\BLL\BLL.csproj", "{4A7F1296-D9DA-456B-BAEF-651197CA398D}"
EndProject
Global
	GlobalSection(SolutionConfigurationPlatforms) = preSolution
		Debug|Any CPU = Debug|Any CPU
		Release|Any CPU = Release|Any CPU
	EndGlobalSection
	GlobalSection(ProjectConfigurationPlatforms) = postSolution
		{EEF6D9AF-12F7-4DBD-8711-31F2791A624F}.Debug|Any CPU.ActiveCfg = Debug|Any CPU
		{EEF6D9AF-12F7-4DBD-8711-31F2791A624F}.Debug|Any CPU.Build.0 = Debug|Any CPU
		{EEF6D9AF-12F7-4DBD-8711-31F2791A624F}.Release|Any CPU.ActiveCfg = Release|Any CPU
		{EEF6D9AF-12F7-4DBD-8711-31F2791A624F}.Release|Any CPU.Build.0 = Release|Any CPU
		{C7CCED86-F62E-42DD-BCC4-3833DAFDA503}.Debug|Any CPU.ActiveCfg = Debug|Any CPU
		{C7CCED86-F62E-42DD-BCC4-3833DAFDA503}.Debug|Any CPU.Build.0 = Debug|Any CPU
		{C7CCED86-F62E-42DD-BCC4-3833DAFDA503}.Release|Any CPU.ActiveCfg = Release|Any CPU
		{C7CCED86-F62E-42DD-BCC4-3833DAFDA503}.Release|Any CPU.Build.0 = Release|Any CPU
		{4A7F1296-D9DA-456B-BAEF-651197CA398D}.Debug|Any CPU.ActiveCfg = Debug|Any CPU
		{4A7F1296-D9DA-456B-BAEF-651197CA398D}.Debug|Any CPU.Build.0 = Debug|Any CPU
		{4A7F1296-D9DA-456B-BAEF-651197CA398D}.Release|Any CPU.ActiveCfg = Release|Any CPU
		{4A7F1296-D9DA-456B-BAEF-651197CA398D}.Release|Any CPU.Build.0 = Release|Any CPU
	EndGlobalSection
	GlobalSection(SolutionProperties) = preSolution
		HideSolutionNode = FALSE
	EndGlobalSection
EndGlobal
